
Microsoft Visual Studio Solution File, Format Version 12.00
# Visual Studio 15
VisualStudioVersion = 15.0.28307.102
MinimumVisualStudioVersion = 10.0.40219.1
Project("{FAE04EC0-301F-11D3-BF4B-00C04F79EFBC}") = "ToDoApi", "ToDoApi\ToDoApi.csproj", "{F1E431B3-7775-456A-8EE5-58DD0A3EA02E}"
EndProject
Global
	GlobalSection(SolutionConfigurationPlatforms) = preSolution
		Debug|Any CPU = Debug|Any CPU
		Release|Any CPU = Release|Any CPU
	EndGlobalSection
	GlobalSection(ProjectConfigurationPlatforms) = postSolution
		{F1E431B3-7775-456A-8EE5-58DD0A3EA02E}.Debug|Any CPU.ActiveCfg = Debug|Any CPU
		{F1E431B3-7775-456A-8EE5-58DD0A3EA02E}.Debug|Any CPU.Build.0 = Debug|Any CPU
		{F1E431B3-7775-456A-8EE5-58DD0A3EA02E}.Release|Any CPU.ActiveCfg = Release|Any CPU
		{F1E431B3-7775-456A-8EE5-58DD0A3EA02E}.Release|Any CPU.Build.0 = Release|Any CPU
	EndGlobalSection
	GlobalSection(SolutionProperties) = preSolution
		HideSolutionNode = FALSE
	EndGlobalSection
	GlobalSection(ExtensibilityGlobals) = postSolution
		SolutionGuid = {82489C71-EA48-4412-A984-069266C4D8A1}
	EndGlobalSection
EndGlobal
